// !$*UTF8*$!
{
	archiveVersion = 1;
	classes = {
	};
	objectVersion = 46;
	objects = {

/* Begin PBXBuildFile section */
		AF74D8071DF1E4790056437F /* AppDelegate.swift in Sources */ = {isa = PBXBuildFile; fileRef = AF74D8061DF1E4790056437F /* AppDelegate.swift */; };
		AF74D8091DF1E4790056437F /* ViewController.swift in Sources */ = {isa = PBXBuildFile; fileRef = AF74D8081DF1E4790056437F /* ViewController.swift */; };
		AF74D80C1DF1E4790056437F /* Main.storyboard in Resources */ = {isa = PBXBuildFile; fileRef = AF74D80A1DF1E4790056437F /* Main.storyboard */; };
		AF74D80E1DF1E4790056437F /* Assets.xcassets in Resources */ = {isa = PBXBuildFile; fileRef = AF74D80D1DF1E4790056437F /* Assets.xcassets */; };
		AF74D8111DF1E4790056437F /* LaunchScreen.storyboard in Resources */ = {isa = PBXBuildFile; fileRef = AF74D80F1DF1E4790056437F /* LaunchScreen.storyboard */; };
/* End PBXBuildFile section */

/* Begin PBXFileReference section */
		AF74D8031DF1E4790056437F /* HappyStudent.app */ = {isa = PBXFileReference; explicitFileType = wrapper.application; includeInIndex = 0; path = HappyStudent.app; sourceTree = BUILT_PRODUCTS_DIR; };
		AF74D8061DF1E4790056437F /* AppDelegate.swift */ = {isa = PBXFileReference; lastKnownFileType = sourcecode.swift; path = AppDelegate.swift; sourceTree = "<group>"; };
		AF74D8081DF1E4790056437F /* ViewController.swift */ = {isa = PBXFileReference; lastKnownFileType = sourcecode.swift; path = ViewController.swift; sourceTree = "<group>"; };
		AF74D80B1DF1E4790056437F /* Base */ = {isa = PBXFileReference; lastKnownFileType = file.storyboard; name = Base; path = Base.lproj/Main.storyboard; sourceTree = "<group>"; };
		AF74D80D1DF1E4790056437F /* Assets.xcassets */ = {isa = PBXFileReference; lastKnownFileType = folder.assetcatalog; path = Assets.xcassets; sourceTree = "<group>"; };
		AF74D8101DF1E4790056437F /* Base */ = {isa = PBXFileReference; lastKnownFileType = file.storyboard; name = Base; path = Base.lproj/LaunchScreen.storyboard; sourceTree = "<group>"; };
		AF74D8121DF1E4790056437F /* Info.plist */ = {isa = PBXFileReference; lastKnownFileType = text.plist.xml; path = Info.plist; sourceTree = "<group>"; };
/* End PBXFileReference section */

/* Begin PBXFrameworksBuildPhase section */
		AF74D8001DF1E4790056437F /* Frameworks */ = {
			isa = PBXFrameworksBuildPhase;
			buildActionMask = 2147483647;
			files = (
			);
			runOnlyForDeploymentPostprocessing = 0;
		};
/* End PBXFrameworksBuildPhase section */

/* Begin PBXGroup section */
		AF74D7FA1DF1E4790056437F = {
			isa = PBXGroup;
			children = (
				AF74D8051DF1E4790056437F /* HappyStudent */,
				AF74D8041DF1E4790056437F /* Products */,
			);
			sourceTree = "<group>";
		};
		AF74D8041DF1E4790056437F /* Products */ = {
			isa = PBXGroup;
			children = (
				AF74D8031DF1E4790056437F /* HappyStudent.app */,
			);
			name = Products;
			sourceTree = "<group>";
		};
		AF74D8051DF1E4790056437F /* HappyStudent */ = {
			isa = PBXGroup;
			children = (
				AF74D8061DF1E4790056437F /* AppDelegate.swift */,
				AF74D8081DF1E4790056437F /* ViewController.swift */,
				AF74D80A1DF1E4790056437F /* Main.storyboard */,
				AF74D80D1DF1E4790056437F /* Assets.xcassets */,
				AF74D80F1DF1E4790056437F /* LaunchScreen.storyboard */,
				AF74D8121DF1E4790056437F /* Info.plist */,
			);
			path = HappyStudent;
			sourceTree = "<group>";
		};
/* End PBXGroup section */

/* Begin PBXNativeTarget section */
		AF74D8021DF1E4790056437F /* HappyStudent */ = {
			isa = PBXNativeTarget;
			buildConfigurationList = AF74D8151DF1E4790056437F /* Build configuration list for PBXNativeTarget "HappyStudent" */;
			buildPhases = (
				AF74D7FF1DF1E4790056437F /* Sources */,
				AF74D8001DF1E4790056437F /* Frameworks */,
				AF74D8011DF1E4790056437F /* Resources */,
			);
			buildRules = (
			);
			dependencies = (
			);
			name = HappyStudent;
			productName = HappyStudent;
			productReference = AF74D8031DF1E4790056437F /* HappyStudent.app */;
			productType = "com.apple.product-type.application";
		};
/* End PBXNativeTarget section */

/* Begin PBXProject section */
		AF74D7FB1DF1E4790056437F /* Project object */ = {
			isa = PBXProject;
			attributes = {
				LastSwiftUpdateCheck = 0800;
				LastUpgradeCheck = 0800;
				ORGANIZATIONNAME = santa;
				TargetAttributes = {
					AF74D8021DF1E4790056437F = {
						CreatedOnToolsVersion = 8.0;
						ProvisioningStyle = Automatic;
					};
				};
			};
			buildConfigurationList = AF74D7FE1DF1E4790056437F /* Build configuration list for PBXProject "HappyStudent" */;
			compatibilityVersion = "Xcode 3.2";
			developmentRegion = English;
			hasScannedForEncodings = 0;
			knownRegions = (
				en,
				Base,
			);
			mainGroup = AF74D7FA1DF1E4790056437F;
			productRefGroup = AF74D8041DF1E4790056437F /* Products */;
			projectDirPath = "";
			projectRoot = "";
			targets = (
				AF74D8021DF1E4790056437F /* HappyStudent */,
			);
		};
/* End PBXProject section */

/* Begin PBXResourcesBuildPhase section */
		AF74D8011DF1E4790056437F /* Resources */ = {
			isa = PBXResourcesBuildPhase;
			buildActionMask = 2147483647;
			files = (
				AF74D8111DF1E4790056437F /* LaunchScreen.storyboard in Resources */,
				AF74D80E1DF1E4790056437F /* Assets.xcassets in Resources */,
				AF74D80C1DF1E4790056437F /* Main.storyboard in Resources */,
			);
			runOnlyForDeploymentPostprocessing = 0;
		};
/* End PBXResourcesBuildPhase section */

/* Begin PBXSourcesBuildPhase section */
		AF74D7FF1DF1E4790056437F /* Sources */ = {
			isa = PBXSourcesBuildPhase;
			buildActionMask = 2147483647;
			files = (
				AF74D8091DF1E4790056437F /* ViewController.swift in Sources */,
				AF74D8071DF1E4790056437F /* AppDelegate.swift in Sources */,
			);
			runOnlyForDeploymentPostprocessing = 0;
		};
/* End PBXSourcesBuildPhase section */

/* Begin PBXVariantGroup section */
		AF74D80A1DF1E4790056437F /* Main.storyboard */ = {
			isa = PBXVariantGroup;
			children = (
				AF74D80B1DF1E4790056437F /* Base */,
			);
			name = Main.storyboard;
			sourceTree = "<group>";
		};
		AF74D80F1DF1E4790056437F /* LaunchScreen.storyboard */ = {
			isa = PBXVariantGroup;
			children = (
				AF74D8101DF1E4790056437F /* Base */,
			);
			name = LaunchScreen.storyboard;
			sourceTree = "<group>";
		};
/* End PBXVariantGroup section */

/* Begin XCBuildConfiguration section */
		AF74D8131DF1E4790056437F /* Debug */ = {
			isa = XCBuildConfiguration;
			buildSettings = {
				ALWAYS_SEARCH_USER_PATHS = NO;
				CLANG_ANALYZER_NONNULL = YES;
				CLANG_CXX_LANGUAGE_STANDARD = "gnu++0x";
				CLANG_CXX_LIBRARY = "libc++";
				CLANG_ENABLE_MODULES = YES;
				CLANG_ENABLE_OBJC_ARC = YES;
				CLANG_WARN_BOOL_CONVERSION = YES;
				CLANG_WARN_CONSTANT_CONVERSION = YES;
				CLANG_WARN_DIRECT_OBJC_ISA_USAGE = YES_ERROR;
				CLANG_WARN_DOCUMENTATION_COMMENTS = YES;
				CLANG_WARN_EMPTY_BODY = YES;
				CLANG_WARN_ENUM_CONVERSION = YES;
				CLANG_WARN_INFINITE_RECURSION = YES;
				CLANG_WARN_INT_CONVERSION = YES;
				CLANG_WARN_OBJC_ROOT_CLASS = YES_ERROR;
				CLANG_WARN_SUSPICIOUS_MOVES = YES;
				CLANG_WARN_UNREACHABLE_CODE = YES;
				CLANG_WARN__DUPLICATE_METHOD_MATCH = YES;
				"CODE_SIGN_IDENTITY[sdk=iphoneos*]" = "iPhone Developer";
				COPY_PHASE_STRIP = NO;
				DEBUG_INFORMATION_FORMAT = dwarf;
				ENABLE_STRICT_OBJC_MSGSEND = YES;
				ENABLE_TESTABILITY = YES;
				GCC_C_LANGUAGE_STANDARD = gnu99;
				GCC_DYNAMIC_NO_PIC = NO;
				GCC_NO_COMMON_BLOCKS = YES;
				GCC_OPTIMIZATION_LEVEL = 0;
				GCC_PREPROCESSOR_DEFINITIONS = (
					"DEBUG=1",
					"$(inherited)",
				);
				GCC_WARN_64_TO_32_BIT_CONVERSION = YES;
				GCC_WARN_ABOUT_RETURN_TYPE = YES_ERROR;
				GCC_WARN_UNDECLARED_SELECTOR = YES;
				GCC_WARN_UNINITIALIZED_AUTOS = YES_AGGRESSIVE;
				GCC_WARN_UNUSED_FUNCTION = YES;
				GCC_WARN_UNUSED_VARIABLE = YES;
				IPHONEOS_DEPLOYMENT_TARGET = 10.0;
				MTL_ENABLE_DEBUG_INFO = YES;
				ONLY_ACTIVE_ARCH = YES;
				SDKROOT = iphoneos;
				SWIFT_ACTIVE_COMPILATION_CONDITIONS = DEBUG;
				SWIFT_OPTIMIZATION_LEVEL = "-Onone";
			};
			name = Debug;
		};
		AF74D8141DF1E4790056437F /* Release */ = {
			isa = XCBuildConfiguration;
			buildSettings = {
				ALWAYS_SEARCH_USER_PATHS = NO;
				CLANG_ANALYZER_NONNULL = YES;
				CLANG_CXX_LANGUAGE_STANDARD = "gnu++0x";
				CLANG_CXX_LIBRARY = "libc++";
				CLANG_ENABLE_MODULES = YES;
				CLANG_ENABLE_OBJC_ARC = YES;
				CLANG_WARN_BOOL_CONVERSION = YES;
				CLANG_WARN_CONSTANT_CONVERSION = YES;
				CLANG_WARN_DIRECT_OBJC_ISA_USAGE = YES_ERROR;
				CLANG_WARN_DOCUMENTATION_COMMENTS = YES;
				CLANG_WARN_EMPTY_BODY = YES;
				CLANG_WARN_ENUM_CONVERSION = YES;
				CLANG_WARN_INFINITE_RECURSION = YES;
				CLANG_WARN_INT_CONVERSION = YES;
				CLANG_WARN_OBJC_ROOT_CLASS = YES_ERROR;
				CLANG_WARN_SUSPICIOUS_MOVES = YES;
				CLANG_WARN_UNREACHABLE_CODE = YES;
				CLANG_WARN__DUPLICATE_METHOD_MATCH = YES;
				"CODE_SIGN_IDENTITY[sdk=iphoneos*]" = "iPhone Developer";
				COPY_PHASE_STRIP = NO;
				DEBUG_INFORMATION_FORMAT = "dwarf-with-dsym";
				ENABLE_NS_ASSERTIONS = NO;
				ENABLE_STRICT_OBJC_MSGSEND = YES;
				GCC_C_LANGUAGE_STANDARD = gnu99;
				GCC_NO_COMMON_BLOCKS = YES;
				GCC_WARN_64_TO_32_BIT_CONVERSION = YES;
				GCC_WARN_ABOUT_RETURN_TYPE = YES_ERROR;
				GCC_WARN_UNDECLARED_SELECTOR = YES;
				GCC_WARN_UNINITIALIZED_AUTOS = YES_AGGRESSIVE;
				GCC_WARN_UNUSED_FUNCTION = YES;
				GCC_WARN_UNUSED_VARIABLE = YES;
				IPHONEOS_DEPLOYMENT_TARGET = 10.0;
				MTL_ENABLE_DEBUG_INFO = NO;
				SDKROOT = iphoneos;
				SWIFT_OPTIMIZATION_LEVEL = "-Owholemodule";
				VALIDATE_PRODUCT = YES;
			};
			name = Release;
		};
		AF74D8161DF1E4790056437F /* Debug */ = {
			isa = XCBuildConfiguration;
			buildSettings = {
				ASSETCATALOG_COMPILER_APPICON_NAME = AppIcon;
				INFOPLIST_FILE = HappyStudent/Info.plist;
				LD_RUNPATH_SEARCH_PATHS = "$(inherited) @executable_path/Frameworks";
				PRODUCT_BUNDLE_IDENTIFIER = com.HappyStudent;
				PRODUCT_NAME = "$(TARGET_NAME)";
				SWIFT_VERSION = 3.0;
			};
			name = Debug;
		};
		AF74D8171DF1E4790056437F /* Release */ = {
			isa = XCBuildConfiguration;
			buildSettings = {
				ASSETCATALOG_COMPILER_APPICON_NAME = AppIcon;
				INFOPLIST_FILE = HappyStudent/Info.plist;
				LD_RUNPATH_SEARCH_PATHS = "$(inherited) @executable_path/Frameworks";
				PRODUCT_BUNDLE_IDENTIFIER = com.HappyStudent;
				PRODUCT_NAME = "$(TARGET_NAME)";
				SWIFT_VERSION = 3.0;
			};
			name = Release;
		};
/* End XCBuildConfiguration section */

/* Begin XCConfigurationList section */
		AF74D7FE1DF1E4790056437F /* Build configuration list for PBXProject "HappyStudent" */ = {
			isa = XCConfigurationList;
			buildConfigurations = (
				AF74D8131DF1E4790056437F /* Debug */,
				AF74D8141DF1E4790056437F /* Release */,
			);
			defaultConfigurationIsVisible = 0;
			defaultConfigurationName = Release;
		};
		AF74D8151DF1E4790056437F /* Build configuration list for PBXNativeTarget "HappyStudent" */ = {
			isa = XCConfigurationList;
			buildConfigurations = (
				AF74D8161DF1E4790056437F /* Debug */,
				AF74D8171DF1E4790056437F /* Release */,
			);
			defaultConfigurationIsVisible = 0;
		};
/* End XCConfigurationList section */
	};
	rootObject = AF74D7FB1DF1E4790056437F /* Project object */;
}
